
Microsoft Visual Studio Solution File, Format Version 12.00
# Visual Studio 2012
Project("{8BC9CEB8-8B4A-11D0-8D11-00A0C91BC942}") = "A2DE", "Allegro2DEngine\Allegro2DEngine.vcxproj", "{3ACB6EC5-DCFF-40E7-B13C-55326EDED70D}"
EndProject
Project("{8BC9CEB8-8B4A-11D0-8D11-00A0C91BC942}") = "Library", "Library\Library.vcxproj", "{88FFA4A6-7EDB-43EC-9B16-904C2888E13B}"
	ProjectSection(ProjectDependencies) = postProject
		{3ACB6EC5-DCFF-40E7-B13C-55326EDED70D} = {3ACB6EC5-DCFF-40E7-B13C-55326EDED70D}
	EndProjectSection
EndProject
Project("{2150E333-8FDC-42A3-9474-1A3956D46DE8}") = "Solution Items", "Solution Items", "{78400BAA-CB2B-4843-89F8-35A6B241E577}"
EndProject
Global
	GlobalSection(SolutionConfigurationPlatforms) = preSolution
		Debug|Win32 = Debug|Win32
		Release|Win32 = Release|Win32
	EndGlobalSection
	GlobalSection(ProjectConfigurationPlatforms) = postSolution
		{3ACB6EC5-DCFF-40E7-B13C-55326EDED70D}.Debug|Win32.ActiveCfg = Debug|Win32
		{3ACB6EC5-DCFF-40E7-B13C-55326EDED70D}.Debug|Win32.Build.0 = Debug|Win32
		{3ACB6EC5-DCFF-40E7-B13C-55326EDED70D}.Release|Win32.ActiveCfg = Release|Win32
		{3ACB6EC5-DCFF-40E7-B13C-55326EDED70D}.Release|Win32.Build.0 = Release|Win32
		{88FFA4A6-7EDB-43EC-9B16-904C2888E13B}.Debug|Win32.ActiveCfg = Debug|Win32
		{88FFA4A6-7EDB-43EC-9B16-904C2888E13B}.Debug|Win32.Build.0 = Debug|Win32
		{88FFA4A6-7EDB-43EC-9B16-904C2888E13B}.Release|Win32.ActiveCfg = Release|Win32
		{88FFA4A6-7EDB-43EC-9B16-904C2888E13B}.Release|Win32.Build.0 = Release|Win32
	EndGlobalSection
	GlobalSection(SolutionProperties) = preSolution
		HideSolutionNode = FALSE
	EndGlobalSection
	GlobalSection(ExtensibilityGlobals) = postSolution
		VisualSVNWorkingCopyRoot = .
	EndGlobalSection
EndGlobal
